
Microsoft Visual Studio Solution File, Format Version 12.00
# Visual Studio Version 16
VisualStudioVersion = 16.0.29326.143
MinimumVisualStudioVersion = 10.0.40219.1
Project("{8BC9CEB8-8B4A-11D0-8D11-00A0C91BC942}") = "ns_image_server", "ns_image_server.vcxproj", "{7BFA18F2-2160-438E-93F4-E2E2AB392DE3}"
EndProject
Project("{8BC9CEB8-8B4A-11D0-8D11-00A0C91BC942}") = "ns_worm_browser", "ns_worm_browser.vcxproj", "{802EC041-C4F2-46EA-890B-1F750D4D308A}"
EndProject
Project("{8BC9CEB8-8B4A-11D0-8D11-00A0C91BC942}") = "ns_image_server_barcodes", "ns_image_server_barcodes.vcxproj", "{CE96BC79-0218-4C95-B749-C4BBD4810026}"
EndProject
Project("{8BC9CEB8-8B4A-11D0-8D11-00A0C91BC942}") = "ns_format_by_hand_lifespan_data", "..\ns_format_by_hand_lifespan_data\ns_format_by_hand_lifespan_data.vcxproj", "{244AC5EE-3659-406B-8E6A-296691AD61E9}"
EndProject
Global
	GlobalSection(SolutionConfigurationPlatforms) = preSolution
		Debug|Win32 = Debug|Win32
		Debug|x64 = Debug|x64
		Release (IPP DLL)|Win32 = Release (IPP DLL)|Win32
		Release (IPP DLL)|x64 = Release (IPP DLL)|x64
		Release|Win32 = Release|Win32
		Release|x64 = Release|x64
	EndGlobalSection
	GlobalSection(ProjectConfigurationPlatforms) = postSolution
		{7BFA18F2-2160-438E-93F4-E2E2AB392DE3}.Debug|Win32.ActiveCfg = Debug|Win32
		{7BFA18F2-2160-438E-93F4-E2E2AB392DE3}.Debug|Win32.Build.0 = Debug|Win32
		{7BFA18F2-2160-438E-93F4-E2E2AB392DE3}.Debug|x64.ActiveCfg = Debug|x64
		{7BFA18F2-2160-438E-93F4-E2E2AB392DE3}.Debug|x64.Build.0 = Debug|x64
		{7BFA18F2-2160-438E-93F4-E2E2AB392DE3}.Release (IPP DLL)|Win32.ActiveCfg = Release (IPP DLL)|Win32
		{7BFA18F2-2160-438E-93F4-E2E2AB392DE3}.Release (IPP DLL)|Win32.Build.0 = Release (IPP DLL)|Win32
		{7BFA18F2-2160-438E-93F4-E2E2AB392DE3}.Release (IPP DLL)|x64.ActiveCfg = Release (IPP DLL)|x64
		{7BFA18F2-2160-438E-93F4-E2E2AB392DE3}.Release (IPP DLL)|x64.Build.0 = Release (IPP DLL)|x64
		{7BFA18F2-2160-438E-93F4-E2E2AB392DE3}.Release|Win32.ActiveCfg = Release|Win32
		{7BFA18F2-2160-438E-93F4-E2E2AB392DE3}.Release|Win32.Build.0 = Release|Win32
		{7BFA18F2-2160-438E-93F4-E2E2AB392DE3}.Release|x64.ActiveCfg = Release|x64
		{7BFA18F2-2160-438E-93F4-E2E2AB392DE3}.Release|x64.Build.0 = Release|x64
		{802EC041-C4F2-46EA-890B-1F750D4D308A}.Debug|Win32.ActiveCfg = Debug|Win32
		{802EC041-C4F2-46EA-890B-1F750D4D308A}.Debug|Win32.Build.0 = Debug|Win32
		{802EC041-C4F2-46EA-890B-1F750D4D308A}.Debug|x64.ActiveCfg = Debug|x64
		{802EC041-C4F2-46EA-890B-1F750D4D308A}.Debug|x64.Build.0 = Debug|x64
		{802EC041-C4F2-46EA-890B-1F750D4D308A}.Release (IPP DLL)|Win32.ActiveCfg = Release (IPP DLL)|Win32
		{802EC041-C4F2-46EA-890B-1F750D4D308A}.Release (IPP DLL)|Win32.Build.0 = Release (IPP DLL)|Win32
		{802EC041-C4F2-46EA-890B-1F750D4D308A}.Release (IPP DLL)|x64.ActiveCfg = Release (IPP DLL)|x64
		{802EC041-C4F2-46EA-890B-1F750D4D308A}.Release (IPP DLL)|x64.Build.0 = Release (IPP DLL)|x64
		{802EC041-C4F2-46EA-890B-1F750D4D308A}.Release|Win32.ActiveCfg = Release|Win32
		{802EC041-C4F2-46EA-890B-1F750D4D308A}.Release|Win32.Build.0 = Release|Win32
		{802EC041-C4F2-46EA-890B-1F750D4D308A}.Release|x64.ActiveCfg = Release|x64
		{802EC041-C4F2-46EA-890B-1F750D4D308A}.Release|x64.Build.0 = Release|x64
		{CE96BC79-0218-4C95-B749-C4BBD4810026}.Debug|Win32.ActiveCfg = Debug|Win32
		{CE96BC79-0218-4C95-B749-C4BBD4810026}.Debug|Win32.Build.0 = Debug|Win32
		{CE96BC79-0218-4C95-B749-C4BBD4810026}.Debug|x64.ActiveCfg = Debug|Win32
		{CE96BC79-0218-4C95-B749-C4BBD4810026}.Release (IPP DLL)|Win32.ActiveCfg = Release (IPP DLL)|Win32
		{CE96BC79-0218-4C95-B749-C4BBD4810026}.Release (IPP DLL)|x64.ActiveCfg = Release (IPP DLL)|Win32
		{CE96BC79-0218-4C95-B749-C4BBD4810026}.Release|Win32.ActiveCfg = Release|Win32
		{CE96BC79-0218-4C95-B749-C4BBD4810026}.Release|Win32.Build.0 = Release|Win32
		{CE96BC79-0218-4C95-B749-C4BBD4810026}.Release|x64.ActiveCfg = Release|x64
		{CE96BC79-0218-4C95-B749-C4BBD4810026}.Release|x64.Build.0 = Release|x64
		{244AC5EE-3659-406B-8E6A-296691AD61E9}.Debug|Win32.ActiveCfg = Debug|Win32
		{244AC5EE-3659-406B-8E6A-296691AD61E9}.Debug|Win32.Build.0 = Debug|Win32
		{244AC5EE-3659-406B-8E6A-296691AD61E9}.Debug|x64.ActiveCfg = Debug|x64
		{244AC5EE-3659-406B-8E6A-296691AD61E9}.Debug|x64.Build.0 = Debug|x64
		{244AC5EE-3659-406B-8E6A-296691AD61E9}.Release (IPP DLL)|Win32.ActiveCfg = Release|Win32
		{244AC5EE-3659-406B-8E6A-296691AD61E9}.Release (IPP DLL)|Win32.Build.0 = Release|Win32
		{244AC5EE-3659-406B-8E6A-296691AD61E9}.Release (IPP DLL)|x64.ActiveCfg = Release|x64
		{244AC5EE-3659-406B-8E6A-296691AD61E9}.Release (IPP DLL)|x64.Build.0 = Release|x64
		{244AC5EE-3659-406B-8E6A-296691AD61E9}.Release|Win32.ActiveCfg = Release|Win32
		{244AC5EE-3659-406B-8E6A-296691AD61E9}.Release|Win32.Build.0 = Release|Win32
		{244AC5EE-3659-406B-8E6A-296691AD61E9}.Release|x64.ActiveCfg = Release|x64
		{244AC5EE-3659-406B-8E6A-296691AD61E9}.Release|x64.Build.0 = Release|x64
	EndGlobalSection
	GlobalSection(SolutionProperties) = preSolution
		HideSolutionNode = FALSE
	EndGlobalSection
	GlobalSection(ExtensibilityGlobals) = postSolution
		SolutionGuid = {22E880DF-29BF-4A15-B8F6-FC2488B0CCF9}
	EndGlobalSection
EndGlobal
