<?xml version="1.0" encoding="utf-8"?>
<Project ToolsVersion="4.0" xmlns="http://schemas.microsoft.com/developer/msbuild/2003">
  <ItemGroup>
    <ClCompile Include="..\ns_image_server\system_base\ns_dir.cpp" />
    <ClCompile Include="..\ns_image_server\system_base\ns_ex.cpp" />
    <ClCompile Include="..\ns_image_server\image_base\ns_font.cpp">
      <Filter>image_base</Filter>
    </ClCompile>
    <ClCompile Include="..\ns_image_server\image_base\ns_image.cpp">
      <Filter>image_base</Filter>
    </ClCompile>
    <ClCompile Include="..\ns_image_server\image_base\ns_jpeg.cpp">
      <Filter>image_base</Filter>
    </ClCompile>
    <ClCompile Include="..\ns_image_server\image_base\ns_libtiff_interface.c">
      <Filter>image_base</Filter>
    </ClCompile>
    <ClCompile Include="..\ns_image_server\image_base\ns_svg.cpp">
      <Filter>image_base</Filter>
    </ClCompile>
    <ClCompile Include="..\ns_image_server\image_base\ns_tiff.cpp">
      <Filter>image_base</Filter>
    </ClCompile>
    <ClCompile Include="..\ns_image_server\image_base\ns_vector.cpp">
      <Filter>image_base</Filter>
    </ClCompile>
    <ClCompile Include="..\external_compile_libraries\jpeg-8d\jaricom.c">
      <Filter>image_format_lib\jpeg</Filter>
    </ClCompile>
    <ClCompile Include="..\external_compile_libraries\jpeg-8d\jcapimin.c">
      <Filter>image_format_lib\jpeg</Filter>
    </ClCompile>
    <ClCompile Include="..\external_compile_libraries\jpeg-8d\jcapistd.c">
      <Filter>image_format_lib\jpeg</Filter>
    </ClCompile>
    <ClCompile Include="..\external_compile_libraries\jpeg-8d\jcarith.c">
      <Filter>image_format_lib\jpeg</Filter>
    </ClCompile>
    <ClCompile Include="..\external_compile_libraries\jpeg-8d\jccoefct.c">
      <Filter>image_format_lib\jpeg</Filter>
    </ClCompile>
    <ClCompile Include="..\external_compile_libraries\jpeg-8d\jccolor.c">
      <Filter>image_format_lib\jpeg</Filter>
    </ClCompile>
    <ClCompile Include="..\external_compile_libraries\jpeg-8d\jcdctmgr.c">
      <Filter>image_format_lib\jpeg</Filter>
    </ClCompile>
    <ClCompile Include="..\external_compile_libraries\jpeg-8d\jchuff.c">
      <Filter>image_format_lib\jpeg</Filter>
    </ClCompile>
    <ClCompile Include="..\external_compile_libraries\jpeg-8d\jcinit.c">
      <Filter>image_format_lib\jpeg</Filter>
    </ClCompile>
    <ClCompile Include="..\external_compile_libraries\jpeg-8d\jcmainct.c">
      <Filter>image_format_lib\jpeg</Filter>
    </ClCompile>
    <ClCompile Include="..\external_compile_libraries\jpeg-8d\jcmarker.c">
      <Filter>image_format_lib\jpeg</Filter>
    </ClCompile>
    <ClCompile Include="..\external_compile_libraries\jpeg-8d\jcmaster.c">
      <Filter>image_format_lib\jpeg</Filter>
    </ClCompile>
    <ClCompile Include="..\external_compile_libraries\jpeg-8d\jcomapi.c">
      <Filter>image_format_lib\jpeg</Filter>
    </ClCompile>
    <ClCompile Include="..\external_compile_libraries\jpeg-8d\jcparam.c">
      <Filter>image_format_lib\jpeg</Filter>
    </ClCompile>
    <ClCompile Include="..\external_compile_libraries\jpeg-8d\jcprepct.c">
      <Filter>image_format_lib\jpeg</Filter>
    </ClCompile>
    <ClCompile Include="..\external_compile_libraries\jpeg-8d\jcsample.c">
      <Filter>image_format_lib\jpeg</Filter>
    </ClCompile>
    <ClCompile Include="..\external_compile_libraries\jpeg-8d\jctrans.c">
      <Filter>image_format_lib\jpeg</Filter>
    </ClCompile>
    <ClCompile Include="..\external_compile_libraries\jpeg-8d\jdapimin.c">
      <Filter>image_format_lib\jpeg</Filter>
    </ClCompile>
    <ClCompile Include="..\external_compile_libraries\jpeg-8d\jdapistd.c">
      <Filter>image_format_lib\jpeg</Filter>
    </ClCompile>
    <ClCompile Include="..\external_compile_libraries\jpeg-8d\jdarith.c">
      <Filter>image_format_lib\jpeg</Filter>
    </ClCompile>
    <ClCompile Include="..\external_compile_libraries\jpeg-8d\jdatadst.c">
      <Filter>image_format_lib\jpeg</Filter>
    </ClCompile>
    <ClCompile Include="..\external_compile_libraries\jpeg-8d\jdatasrc.c">
      <Filter>image_format_lib\jpeg</Filter>
    </ClCompile>
    <ClCompile Include="..\external_compile_libraries\jpeg-8d\jdcoefct.c">
      <Filter>image_format_lib\jpeg</Filter>
    </ClCompile>
    <ClCompile Include="..\external_compile_libraries\jpeg-8d\jdcolor.c">
      <Filter>image_format_lib\jpeg</Filter>
    </ClCompile>
    <ClCompile Include="..\external_compile_libraries\jpeg-8d\jddctmgr.c">
      <Filter>image_format_lib\jpeg</Filter>
    </ClCompile>
    <ClCompile Include="..\external_compile_libraries\jpeg-8d\jdhuff.c">
      <Filter>image_format_lib\jpeg</Filter>
    </ClCompile>
    <ClCompile Include="..\external_compile_libraries\jpeg-8d\jdinput.c">
      <Filter>image_format_lib\jpeg</Filter>
    </ClCompile>
    <ClCompile Include="..\external_compile_libraries\jpeg-8d\jdmainct.c">
      <Filter>image_format_lib\jpeg</Filter>
    </ClCompile>
    <ClCompile Include="..\external_compile_libraries\jpeg-8d\jdmarker.c">
      <Filter>image_format_lib\jpeg</Filter>
    </ClCompile>
    <ClCompile Include="..\external_compile_libraries\jpeg-8d\jdmaster.c">
      <Filter>image_format_lib\jpeg</Filter>
    </ClCompile>
    <ClCompile Include="..\external_compile_libraries\jpeg-8d\jdmerge.c">
      <Filter>image_format_lib\jpeg</Filter>
    </ClCompile>
    <ClCompile Include="..\external_compile_libraries\jpeg-8d\jdpostct.c">
      <Filter>image_format_lib\jpeg</Filter>
    </ClCompile>
    <ClCompile Include="..\external_compile_libraries\jpeg-8d\jdsample.c">
      <Filter>image_format_lib\jpeg</Filter>
    </ClCompile>
    <ClCompile Include="..\external_compile_libraries\jpeg-8d\jdtrans.c">
      <Filter>image_format_lib\jpeg</Filter>
    </ClCompile>
    <ClCompile Include="..\external_compile_libraries\jpeg-8d\jerror.c">
      <Filter>image_format_lib\jpeg</Filter>
    </ClCompile>
    <ClCompile Include="..\external_compile_libraries\jpeg-8d\jfdctflt.c">
      <Filter>image_format_lib\jpeg</Filter>
    </ClCompile>
    <ClCompile Include="..\external_compile_libraries\jpeg-8d\jfdctfst.c">
      <Filter>image_format_lib\jpeg</Filter>
    </ClCompile>
    <ClCompile Include="..\external_compile_libraries\jpeg-8d\jfdctint.c">
      <Filter>image_format_lib\jpeg</Filter>
    </ClCompile>
    <ClCompile Include="..\external_compile_libraries\jpeg-8d\jidctflt.c">
      <Filter>image_format_lib\jpeg</Filter>
    </ClCompile>
    <ClCompile Include="..\external_compile_libraries\jpeg-8d\jidctfst.c">
      <Filter>image_format_lib\jpeg</Filter>
    </ClCompile>
    <ClCompile Include="..\external_compile_libraries\jpeg-8d\jidctint.c">
      <Filter>image_format_lib\jpeg</Filter>
    </ClCompile>
    <ClCompile Include="..\external_compile_libraries\jpeg-8d\jmemmgr.c">
      <Filter>image_format_lib\jpeg</Filter>
    </ClCompile>
    <ClCompile Include="..\external_compile_libraries\jpeg-8d\jmemnobs.c">
      <Filter>image_format_lib\jpeg</Filter>
    </ClCompile>
    <ClCompile Include="..\external_compile_libraries\jpeg-8d\jquant1.c">
      <Filter>image_format_lib\jpeg</Filter>
    </ClCompile>
    <ClCompile Include="..\external_compile_libraries\jpeg-8d\jquant2.c">
      <Filter>image_format_lib\jpeg</Filter>
    </ClCompile>
    <ClCompile Include="..\external_compile_libraries\jpeg-8d\jutils.c">
      <Filter>image_format_lib\jpeg</Filter>
    </ClCompile>
    <ClCompile Include="..\external_compile_libraries\jpeg-8d\rdbmp.c">
      <Filter>image_format_lib\jpeg</Filter>
    </ClCompile>
    <ClCompile Include="..\external_compile_libraries\jpeg-8d\rdcolmap.c">
      <Filter>image_format_lib\jpeg</Filter>
    </ClCompile>
    <ClCompile Include="..\external_compile_libraries\jpeg-8d\rdgif.c">
      <Filter>image_format_lib\jpeg</Filter>
    </ClCompile>
    <ClCompile Include="..\external_compile_libraries\jpeg-8d\rdppm.c">
      <Filter>image_format_lib\jpeg</Filter>
    </ClCompile>
    <ClCompile Include="..\external_compile_libraries\jpeg-8d\rdrle.c">
      <Filter>image_format_lib\jpeg</Filter>
    </ClCompile>
    <ClCompile Include="..\external_compile_libraries\jpeg-8d\rdswitch.c">
      <Filter>image_format_lib\jpeg</Filter>
    </ClCompile>
    <ClCompile Include="..\external_compile_libraries\jpeg-8d\rdtarga.c">
      <Filter>image_format_lib\jpeg</Filter>
    </ClCompile>
    <ClCompile Include="..\external_compile_libraries\jpeg-8d\transupp.c">
      <Filter>image_format_lib\jpeg</Filter>
    </ClCompile>
    <ClCompile Include="..\external_compile_libraries\jpeg-8d\wrbmp.c">
      <Filter>image_format_lib\jpeg</Filter>
    </ClCompile>
    <ClCompile Include="..\external_compile_libraries\jpeg-8d\wrgif.c">
      <Filter>image_format_lib\jpeg</Filter>
    </ClCompile>
    <ClCompile Include="..\external_compile_libraries\jpeg-8d\wrppm.c">
      <Filter>image_format_lib\jpeg</Filter>
    </ClCompile>
    <ClCompile Include="..\external_compile_libraries\jpeg-8d\wrrle.c">
      <Filter>image_format_lib\jpeg</Filter>
    </ClCompile>
    <ClCompile Include="..\external_compile_libraries\jpeg-8d\wrtarga.c">
      <Filter>image_format_lib\jpeg</Filter>
    </ClCompile>
    <ClCompile Include="..\external_compile_libraries\zlib\adler32.c">
      <Filter>image_format_lib\zlib</Filter>
    </ClCompile>
    <ClCompile Include="..\external_compile_libraries\zlib\compress.c">
      <Filter>image_format_lib\zlib</Filter>
    </ClCompile>
    <ClCompile Include="..\external_compile_libraries\zlib\crc32.c">
      <Filter>image_format_lib\zlib</Filter>
    </ClCompile>
    <ClCompile Include="..\external_compile_libraries\zlib\deflate.c">
      <Filter>image_format_lib\zlib</Filter>
    </ClCompile>
    <ClCompile Include="..\external_compile_libraries\zlib\gzio.c">
      <Filter>image_format_lib\zlib</Filter>
    </ClCompile>
    <ClCompile Include="..\external_compile_libraries\zlib\infback.c">
      <Filter>image_format_lib\zlib</Filter>
    </ClCompile>
    <ClCompile Include="..\external_compile_libraries\zlib\inffast.c">
      <Filter>image_format_lib\zlib</Filter>
    </ClCompile>
    <ClCompile Include="..\external_compile_libraries\zlib\inflate.c">
      <Filter>image_format_lib\zlib</Filter>
    </ClCompile>
    <ClCompile Include="..\external_compile_libraries\zlib\inftrees.c">
      <Filter>image_format_lib\zlib</Filter>
    </ClCompile>
    <ClCompile Include="..\external_compile_libraries\zlib\trees.c">
      <Filter>image_format_lib\zlib</Filter>
    </ClCompile>
    <ClCompile Include="..\external_compile_libraries\zlib\uncompr.c">
      <Filter>image_format_lib\zlib</Filter>
    </ClCompile>
    <ClCompile Include="..\external_compile_libraries\zlib\zutil.c">
      <Filter>image_format_lib\zlib</Filter>
    </ClCompile>
    <ClCompile Include="..\ns_image_server\system_base\ns_thread.cpp" />
    <ClCompile Include="..\ns_image_server_utilities\ns_image_server_barcodes_main.cpp" />
    <ClCompile Include="..\external_compile_libraries\libdmtx-0.7.4\dmtx.c">
      <Filter>dmtx</Filter>
    </ClCompile>
    <ClCompile Include="..\external_compile_libraries\libtiff-4.0.9\libtiff\tif_aux.c">
      <Filter>image_format_lib\tiff</Filter>
    </ClCompile>
    <ClCompile Include="..\external_compile_libraries\libtiff-4.0.9\libtiff\tif_close.c">
      <Filter>image_format_lib\tiff</Filter>
    </ClCompile>
    <ClCompile Include="..\external_compile_libraries\libtiff-4.0.9\libtiff\tif_codec.c">
      <Filter>image_format_lib\tiff</Filter>
    </ClCompile>
    <ClCompile Include="..\external_compile_libraries\libtiff-4.0.9\libtiff\tif_color.c">
      <Filter>image_format_lib\tiff</Filter>
    </ClCompile>
    <ClCompile Include="..\external_compile_libraries\libtiff-4.0.9\libtiff\tif_compress.c">
      <Filter>image_format_lib\tiff</Filter>
    </ClCompile>
    <ClCompile Include="..\external_compile_libraries\libtiff-4.0.9\libtiff\tif_dir.c">
      <Filter>image_format_lib\tiff</Filter>
    </ClCompile>
    <ClCompile Include="..\external_compile_libraries\libtiff-4.0.9\libtiff\tif_dirinfo.c">
      <Filter>image_format_lib\tiff</Filter>
    </ClCompile>
    <ClCompile Include="..\external_compile_libraries\libtiff-4.0.9\libtiff\tif_dirread.c">
      <Filter>image_format_lib\tiff</Filter>
    </ClCompile>
    <ClCompile Include="..\external_compile_libraries\libtiff-4.0.9\libtiff\tif_dirwrite.c">
      <Filter>image_format_lib\tiff</Filter>
    </ClCompile>
    <ClCompile Include="..\external_compile_libraries\libtiff-4.0.9\libtiff\tif_dumpmode.c">
      <Filter>image_format_lib\tiff</Filter>
    </ClCompile>
    <ClCompile Include="..\external_compile_libraries\libtiff-4.0.9\libtiff\tif_error.c">
      <Filter>image_format_lib\tiff</Filter>
    </ClCompile>
    <ClCompile Include="..\external_compile_libraries\libtiff-4.0.9\libtiff\tif_extension.c">
      <Filter>image_format_lib\tiff</Filter>
    </ClCompile>
    <ClCompile Include="..\external_compile_libraries\libtiff-4.0.9\libtiff\tif_fax3.c">
      <Filter>image_format_lib\tiff</Filter>
    </ClCompile>
    <ClCompile Include="..\external_compile_libraries\libtiff-4.0.9\libtiff\tif_fax3sm.c">
      <Filter>image_format_lib\tiff</Filter>
    </ClCompile>
    <ClCompile Include="..\external_compile_libraries\libtiff-4.0.9\libtiff\tif_flush.c">
      <Filter>image_format_lib\tiff</Filter>
    </ClCompile>
    <ClCompile Include="..\external_compile_libraries\libtiff-4.0.9\libtiff\tif_getimage.c">
      <Filter>image_format_lib\tiff</Filter>
    </ClCompile>
    <ClCompile Include="..\external_compile_libraries\libtiff-4.0.9\libtiff\tif_jbig.c">
      <Filter>image_format_lib\tiff</Filter>
    </ClCompile>
    <ClCompile Include="..\external_compile_libraries\libtiff-4.0.9\libtiff\tif_jpeg.c">
      <Filter>image_format_lib\tiff</Filter>
    </ClCompile>
    <ClCompile Include="..\external_compile_libraries\libtiff-4.0.9\libtiff\tif_jpeg_12.c">
      <Filter>image_format_lib\tiff</Filter>
    </ClCompile>
    <ClCompile Include="..\external_compile_libraries\libtiff-4.0.9\libtiff\tif_luv.c">
      <Filter>image_format_lib\tiff</Filter>
    </ClCompile>
    <ClCompile Include="..\external_compile_libraries\libtiff-4.0.9\libtiff\tif_lzma.c">
      <Filter>image_format_lib\tiff</Filter>
    </ClCompile>
    <ClCompile Include="..\external_compile_libraries\libtiff-4.0.9\libtiff\tif_lzw.c">
      <Filter>image_format_lib\tiff</Filter>
    </ClCompile>
    <ClCompile Include="..\external_compile_libraries\libtiff-4.0.9\libtiff\tif_next.c">
      <Filter>image_format_lib\tiff</Filter>
    </ClCompile>
    <ClCompile Include="..\external_compile_libraries\libtiff-4.0.9\libtiff\tif_ojpeg.c">
      <Filter>image_format_lib\tiff</Filter>
    </ClCompile>
    <ClCompile Include="..\external_compile_libraries\libtiff-4.0.9\libtiff\tif_open.c">
      <Filter>image_format_lib\tiff</Filter>
    </ClCompile>
    <ClCompile Include="..\external_compile_libraries\libtiff-4.0.9\libtiff\tif_packbits.c">
      <Filter>image_format_lib\tiff</Filter>
    </ClCompile>
    <ClCompile Include="..\external_compile_libraries\libtiff-4.0.9\libtiff\tif_pixarlog.c">
      <Filter>image_format_lib\tiff</Filter>
    </ClCompile>
    <ClCompile Include="..\external_compile_libraries\libtiff-4.0.9\libtiff\tif_predict.c">
      <Filter>image_format_lib\tiff</Filter>
    </ClCompile>
    <ClCompile Include="..\external_compile_libraries\libtiff-4.0.9\libtiff\tif_print.c">
      <Filter>image_format_lib\tiff</Filter>
    </ClCompile>
    <ClCompile Include="..\external_compile_libraries\libtiff-4.0.9\libtiff\tif_read.c">
      <Filter>image_format_lib\tiff</Filter>
    </ClCompile>
    <ClCompile Include="..\external_compile_libraries\libtiff-4.0.9\libtiff\tif_strip.c">
      <Filter>image_format_lib\tiff</Filter>
    </ClCompile>
    <ClCompile Include="..\external_compile_libraries\libtiff-4.0.9\libtiff\tif_swab.c">
      <Filter>image_format_lib\tiff</Filter>
    </ClCompile>
    <ClCompile Include="..\external_compile_libraries\libtiff-4.0.9\libtiff\tif_thunder.c">
      <Filter>image_format_lib\tiff</Filter>
    </ClCompile>
    <ClCompile Include="..\external_compile_libraries\libtiff-4.0.9\libtiff\tif_tile.c">
      <Filter>image_format_lib\tiff</Filter>
    </ClCompile>
    <ClCompile Include="..\external_compile_libraries\libtiff-4.0.9\libtiff\tif_version.c">
      <Filter>image_format_lib\tiff</Filter>
    </ClCompile>
    <ClCompile Include="..\external_compile_libraries\libtiff-4.0.9\libtiff\tif_warning.c">
      <Filter>image_format_lib\tiff</Filter>
    </ClCompile>
    <ClCompile Include="..\external_compile_libraries\libtiff-4.0.9\libtiff\tif_win32.c">
      <Filter>image_format_lib\tiff</Filter>
    </ClCompile>
    <ClCompile Include="..\external_compile_libraries\libtiff-4.0.9\libtiff\tif_write.c">
      <Filter>image_format_lib\tiff</Filter>
    </ClCompile>
    <ClCompile Include="..\external_compile_libraries\libtiff-4.0.9\libtiff\tif_zip.c">
      <Filter>image_format_lib\tiff</Filter>
    </ClCompile>
    <ClCompile Include="..\ns_image_server\image_acquisition\ns_barcode.cpp" />
    <ClCompile Include="..\ns_image_server\image_base\ns_ojp2k.cpp">
      <Filter>image_base</Filter>
    </ClCompile>
    <ClCompile Include="..\ns_image_server\data_annotation\ns_death_time_annotation.cpp">
      <Filter>data_annotation</Filter>
    </ClCompile>
  </ItemGroup>
  <ItemGroup>
    <ClInclude Include="..\ns_image_server\system_base\ns_dir.h" />
    <ClInclude Include="..\ns_image_server\system_base\ns_ex.h" />
    <ClInclude Include="..\ns_image_server\system_base\ns_managed_pointer.h" />
    <ClInclude Include="..\ns_image_server\system_base\ns_thread.h" />
    <ClInclude Include="..\ns_image_server\image_base\ns_buffered_random_access_image.h">
      <Filter>image_base</Filter>
    </ClInclude>
    <ClInclude Include="..\ns_image_server\image_base\ns_font.h">
      <Filter>image_base</Filter>
    </ClInclude>
    <ClInclude Include="..\ns_image_server\image_base\ns_image.h">
      <Filter>image_base</Filter>
    </ClInclude>
    <ClInclude Include="..\ns_image_server\image_base\ns_image_easy_io.h">
      <Filter>image_base</Filter>
    </ClInclude>
    <ClInclude Include="..\ns_image_server\image_base\ns_jpeg.h">
      <Filter>image_base</Filter>
    </ClInclude>
    <ClInclude Include="..\ns_image_server\image_base\ns_libtiff_interface.h">
      <Filter>image_base</Filter>
    </ClInclude>
    <ClInclude Include="..\ns_image_server\image_base\ns_svg.h">
      <Filter>image_base</Filter>
    </ClInclude>
    <ClInclude Include="..\ns_image_server\image_base\ns_tiff.h">
      <Filter>image_base</Filter>
    </ClInclude>
    <ClInclude Include="..\ns_image_server\image_base\ns_vector.h">
      <Filter>image_base</Filter>
    </ClInclude>
    <ClInclude Include="..\ns_image_server\image_base\ns_xmp_encoder.h">
      <Filter>image_base</Filter>
    </ClInclude>
    <ClInclude Include="..\ns_image_server\image_base\xs_Config.h">
      <Filter>image_base</Filter>
    </ClInclude>
    <ClInclude Include="..\ns_image_server\image_base\xs_Float.h">
      <Filter>image_base</Filter>
    </ClInclude>
    <ClInclude Include="..\external_compile_libraries\jpeg-8d\cderror.h">
      <Filter>image_format_lib\jpeg\h</Filter>
    </ClInclude>
    <ClInclude Include="..\external_compile_libraries\jpeg-8d\cdjpeg.h">
      <Filter>image_format_lib\jpeg\h</Filter>
    </ClInclude>
    <ClInclude Include="..\external_compile_libraries\jpeg-8d\jdct.h">
      <Filter>image_format_lib\jpeg\h</Filter>
    </ClInclude>
    <ClInclude Include="..\external_compile_libraries\jpeg-8d\jerror.h">
      <Filter>image_format_lib\jpeg\h</Filter>
    </ClInclude>
    <ClInclude Include="..\external_compile_libraries\jpeg-8d\jinclude.h">
      <Filter>image_format_lib\jpeg\h</Filter>
    </ClInclude>
    <ClInclude Include="..\external_compile_libraries\jpeg-8d\jmemsys.h">
      <Filter>image_format_lib\jpeg\h</Filter>
    </ClInclude>
    <ClInclude Include="..\external_compile_libraries\jpeg-8d\jmorecfg.h">
      <Filter>image_format_lib\jpeg\h</Filter>
    </ClInclude>
    <ClInclude Include="..\external_compile_libraries\jpeg-8d\jpegint.h">
      <Filter>image_format_lib\jpeg\h</Filter>
    </ClInclude>
    <ClInclude Include="..\external_compile_libraries\jpeg-8d\jpeglib.h">
      <Filter>image_format_lib\jpeg\h</Filter>
    </ClInclude>
    <ClInclude Include="..\external_compile_libraries\jpeg-8d\jversion.h">
      <Filter>image_format_lib\jpeg\h</Filter>
    </ClInclude>
    <ClInclude Include="..\external_compile_libraries\jpeg-8d\transupp.h">
      <Filter>image_format_lib\jpeg\h</Filter>
    </ClInclude>
    <ClInclude Include="..\ns_image_server\data_annotation\ns_death_time_annotation.h">
      <Filter>data_annotation</Filter>
    </ClInclude>
    <ClInclude Include="..\ns_image_server\data_annotation\ns_death_time_annotation_set.h">
      <Filter>data_annotation</Filter>
    </ClInclude>
  </ItemGroup>
  <ItemGroup>
    <Filter Include="image_base">
      <UniqueIdentifier>{a89b01ac-2716-4b81-803d-cab6bf778631}</UniqueIdentifier>
    </Filter>
    <Filter Include="dmtx">
      <UniqueIdentifier>{cf6426c7-3199-4e7f-82e7-5f5d423f189b}</UniqueIdentifier>
    </Filter>
    <Filter Include="image_format_lib">
      <UniqueIdentifier>{0b998fea-61c7-4c99-8fda-a74a66b8a75e}</UniqueIdentifier>
    </Filter>
    <Filter Include="image_format_lib\jpeg">
      <UniqueIdentifier>{6c313408-4b28-48d4-a1ee-7ad1dd38535a}</UniqueIdentifier>
    </Filter>
    <Filter Include="image_format_lib\jpeg\h">
      <UniqueIdentifier>{28ba4689-afb2-44c3-83c2-88bcac1640cc}</UniqueIdentifier>
    </Filter>
    <Filter Include="image_format_lib\zlib">
      <UniqueIdentifier>{88703293-8cb9-472c-a2dc-43ebabf779c8}</UniqueIdentifier>
    </Filter>
    <Filter Include="image_base\image_format_lib">
      <UniqueIdentifier>{9d599208-d5dc-4bb2-8ca8-36a560230b5b}</UniqueIdentifier>
    </Filter>
    <Filter Include="image_base\image_format_lib\jpeg">
      <UniqueIdentifier>{db3985f5-d7e5-4a43-8beb-8c22c820a16b}</UniqueIdentifier>
    </Filter>
    <Filter Include="image_format_lib\tiff">
      <UniqueIdentifier>{1b1bca63-0ab5-4d76-a6bf-e0ca8c1c9e24}</UniqueIdentifier>
    </Filter>
    <Filter Include="data_annotation">
      <UniqueIdentifier>{a0b41bbe-0fb9-4656-8faa-409f1d8993db}</UniqueIdentifier>
    </Filter>
  </ItemGroup>
</Project>