<?xml version="1.0" encoding="utf-8"?>
<Project ToolsVersion="4.0" xmlns="http://schemas.microsoft.com/developer/msbuild/2003">
  <ItemGroup>
    <Filter Include="Resource Files">
      <UniqueIdentifier>{67DA6AB6-F800-4c08-8B7A-83BB121AAD01}</UniqueIdentifier>
      <Extensions>rc;ico;cur;bmp;dlg;rc2;rct;bin;rgs;gif;jpg;jpeg;jpe;resx;tiff;tif;png;wav;mfcribbon-ms</Extensions>
    </Filter>
    <Filter Include="image_acquisition">
      <UniqueIdentifier>{559424c1-4277-4218-bcd4-15b2ab07ade9}</UniqueIdentifier>
    </Filter>
    <Filter Include="image_base">
      <UniqueIdentifier>{6ebd2727-704d-46a8-be69-5812179d5685}</UniqueIdentifier>
    </Filter>
    <Filter Include="image_processing">
      <UniqueIdentifier>{c85b244d-2d81-42b9-a3fa-ecf34d26fce6}</UniqueIdentifier>
    </Filter>
    <Filter Include="job_scheduling">
      <UniqueIdentifier>{6746ed0a-0ad0-4c44-81ee-85b84714c001}</UniqueIdentifier>
    </Filter>
    <Filter Include="movement_analysis">
      <UniqueIdentifier>{86393a7d-7b8d-4dcf-8fa7-b8a05b2e0e83}</UniqueIdentifier>
    </Filter>
    <Filter Include="statistics">
      <UniqueIdentifier>{9fd2854e-52f7-4949-9114-e36d807454bf}</UniqueIdentifier>
    </Filter>
    <Filter Include="system_base">
      <UniqueIdentifier>{064b1674-2b1a-4b9f-9e26-be9fb1baede9}</UniqueIdentifier>
    </Filter>
    <Filter Include="image_format_lib">
      <UniqueIdentifier>{5f299ece-86a5-4f33-9f4e-833dcc3ccbaa}</UniqueIdentifier>
    </Filter>
    <Filter Include="image_format_lib\jpeg">
      <UniqueIdentifier>{c636e135-ad08-43e4-a8a2-17d2c0c79808}</UniqueIdentifier>
    </Filter>
    <Filter Include="image_format_lib\jpeg\h">
      <UniqueIdentifier>{02025364-a2f2-48c8-9ecb-ed7e1f4d2dea}</UniqueIdentifier>
    </Filter>
    <Filter Include="image_server">
      <UniqueIdentifier>{befca403-e60d-425c-bfcf-97bfc35ca2a8}</UniqueIdentifier>
    </Filter>
    <Filter Include="misc_lib">
      <UniqueIdentifier>{7994cc98-f0e7-43c1-bd2b-f679e18a7baa}</UniqueIdentifier>
    </Filter>
    <Filter Include="misc_lib\tinyxml">
      <UniqueIdentifier>{7d640761-7b72-48ac-88e9-7157ce72ad81}</UniqueIdentifier>
    </Filter>
    <Filter Include="misc_lib\cmtf">
      <UniqueIdentifier>{36cc7822-5182-4792-91af-c9a552fee7e5}</UniqueIdentifier>
    </Filter>
    <Filter Include="misc_lib\libsvm">
      <UniqueIdentifier>{48aafdd6-5f6c-43e0-9626-c228b355907f}</UniqueIdentifier>
    </Filter>
    <Filter Include="misc_lib\hungarian">
      <UniqueIdentifier>{2ad24f1e-ca18-4e25-acea-13e5a725ec33}</UniqueIdentifier>
    </Filter>
    <Filter Include="misc_lib\dmtx">
      <UniqueIdentifier>{33fc2dc0-e405-435f-ade9-5be261b84783}</UniqueIdentifier>
    </Filter>
    <Filter Include="misc_lib\wm4_bspline">
      <UniqueIdentifier>{a275f48b-a939-48b7-8ffc-dd7e36d1220d}</UniqueIdentifier>
    </Filter>
    <Filter Include="image_format_lib\zlib">
      <UniqueIdentifier>{a30bb35d-c551-46da-ad80-9a4542dc7b01}</UniqueIdentifier>
    </Filter>
    <Filter Include="image_format_lib\tiff">
      <UniqueIdentifier>{e1ae590f-1f64-4bee-ba15-98864e01afaf}</UniqueIdentifier>
    </Filter>
    <Filter Include="data_annotation">
      <UniqueIdentifier>{cfc2c5e5-9930-4713-8fc5-9c17f59bd58c}</UniqueIdentifier>
    </Filter>
  </ItemGroup>
  <ItemGroup>
    <ClInclude Include="..\ns_image_server\image_acquisition\ns_buffered_capture_scheduler.h">
      <Filter>image_acquisition</Filter>
    </ClInclude>
    <ClInclude Include="..\ns_image_server\image_acquisition\ns_capture_device.h">
      <Filter>image_acquisition</Filter>
    </ClInclude>
    <ClInclude Include="..\ns_image_server\image_acquisition\ns_capture_device_manager.h">
      <Filter>image_acquisition</Filter>
    </ClInclude>
    <ClInclude Include="..\ns_image_server\image_acquisition\ns_capture_schedule.h">
      <Filter>image_acquisition</Filter>
    </ClInclude>
    <ClInclude Include="..\ns_image_server\image_acquisition\ns_image_cache.h">
      <Filter>image_acquisition</Filter>
    </ClInclude>
    <ClInclude Include="..\ns_image_server\image_acquisition\ns_image_capture_data_manager.h">
      <Filter>image_acquisition</Filter>
    </ClInclude>
    <ClInclude Include="..\ns_image_server\image_acquisition\ns_image_server_alerts.h">
      <Filter>image_acquisition</Filter>
    </ClInclude>
    <ClInclude Include="..\ns_image_server\image_acquisition\ns_image_server_automated_job_scheduler.h">
      <Filter>image_acquisition</Filter>
    </ClInclude>
    <ClInclude Include="..\ns_image_server\image_acquisition\ns_image_server_dispatcher.h">
      <Filter>image_acquisition</Filter>
    </ClInclude>
    <ClInclude Include="..\ns_image_server\image_acquisition\ns_usb.h">
      <Filter>image_acquisition</Filter>
    </ClInclude>
    <ClInclude Include="..\ns_image_server\image_acquisition\ns_asynchronous_read.h">
      <Filter>image_acquisition</Filter>
    </ClInclude>
    <ClInclude Include="..\ns_image_server\image_acquisition\ns_barcode.h">
      <Filter>image_acquisition</Filter>
    </ClInclude>
    <ClInclude Include="..\ns_image_server\image_base\ns_buffered_random_access_image.h">
      <Filter>image_base</Filter>
    </ClInclude>
    <ClInclude Include="..\ns_image_server\image_base\ns_font.h">
      <Filter>image_base</Filter>
    </ClInclude>
    <ClInclude Include="..\ns_image_server\image_base\ns_image.h">
      <Filter>image_base</Filter>
    </ClInclude>
    <ClInclude Include="..\ns_image_server\image_base\ns_image_easy_io.h">
      <Filter>image_base</Filter>
    </ClInclude>
    <ClInclude Include="..\ns_image_server\image_base\ns_image_socket.h">
      <Filter>image_base</Filter>
    </ClInclude>
    <ClInclude Include="..\ns_image_server\image_base\ns_jpeg.h">
      <Filter>image_base</Filter>
    </ClInclude>
    <ClInclude Include="..\ns_image_server\image_base\ns_libtiff_interface.h">
      <Filter>image_base</Filter>
    </ClInclude>
    <ClInclude Include="..\ns_image_server\image_base\ns_ojp2k.h">
      <Filter>image_base</Filter>
    </ClInclude>
    <ClInclude Include="..\ns_image_server\image_base\ns_svg.h">
      <Filter>image_base</Filter>
    </ClInclude>
    <ClInclude Include="..\ns_image_server\image_base\ns_tiff.h">
      <Filter>image_base</Filter>
    </ClInclude>
    <ClInclude Include="..\ns_image_server\image_base\ns_vector.h">
      <Filter>image_base</Filter>
    </ClInclude>
    <ClInclude Include="..\ns_image_server\image_base\ns_vector_bitmap_interface.h">
      <Filter>image_base</Filter>
    </ClInclude>
    <ClInclude Include="..\ns_image_server\image_base\ns_xmp_encoder.h">
      <Filter>image_base</Filter>
    </ClInclude>
    <ClInclude Include="..\ns_image_server\image_base\xs_Config.h">
      <Filter>image_base</Filter>
    </ClInclude>
    <ClInclude Include="..\ns_image_server\image_base\xs_Float.h">
      <Filter>image_base</Filter>
    </ClInclude>
    <ClInclude Include="..\ns_image_server\image_processing\ns_identify_contiguous_bitmap_regions.h">
      <Filter>image_processing</Filter>
    </ClInclude>
    <ClInclude Include="..\ns_image_server\image_processing\ns_image_registration.h">
      <Filter>image_processing</Filter>
    </ClInclude>
    <ClInclude Include="..\ns_image_server\image_processing\ns_movement_visualization_generator.h">
      <Filter>image_processing</Filter>
    </ClInclude>
    <ClInclude Include="..\ns_image_server\image_processing\ns_node_topology.h">
      <Filter>image_processing</Filter>
    </ClInclude>
    <ClInclude Include="..\ns_image_server\image_processing\ns_node_topology_primitives.h">
      <Filter>image_processing</Filter>
    </ClInclude>
    <ClInclude Include="..\ns_image_server\image_processing\ns_process_mask_regions.h">
      <Filter>image_processing</Filter>
    </ClInclude>
    <ClInclude Include="..\ns_image_server\image_processing\ns_region_growing_segmenter.h">
      <Filter>image_processing</Filter>
    </ClInclude>
    <ClInclude Include="..\ns_image_server\image_processing\ns_segment_topology.h">
      <Filter>image_processing</Filter>
    </ClInclude>
    <ClInclude Include="..\ns_image_server\image_processing\ns_spatial_avg.h">
      <Filter>image_processing</Filter>
    </ClInclude>
    <ClInclude Include="..\ns_image_server\image_processing\ns_spine_drawer.h">
      <Filter>image_processing</Filter>
    </ClInclude>
    <ClInclude Include="..\ns_image_server\image_processing\ns_svm_model_specification.h">
      <Filter>image_processing</Filter>
    </ClInclude>
    <ClInclude Include="..\ns_image_server\image_processing\ns_worm_detection_constants.h">
      <Filter>image_processing</Filter>
    </ClInclude>
    <ClInclude Include="..\ns_image_server\image_processing\ns_worm_detector.h">
      <Filter>image_processing</Filter>
    </ClInclude>
    <ClInclude Include="..\ns_image_server\image_processing\ns_worm_training_set_image.h">
      <Filter>image_processing</Filter>
    </ClInclude>
    <ClInclude Include="..\ns_image_server\image_processing\ns_xvid.h">
      <Filter>image_processing</Filter>
    </ClInclude>
    <ClInclude Include="..\ns_image_server\image_processing\ns_bspline.h">
      <Filter>image_processing</Filter>
    </ClInclude>
    <ClInclude Include="..\ns_image_server\image_processing\ns_complex_segment_cluster_solver.h">
      <Filter>image_processing</Filter>
    </ClInclude>
    <ClInclude Include="..\ns_image_server\image_processing\ns_detected_object.h">
      <Filter>image_processing</Filter>
    </ClInclude>
    <ClInclude Include="..\ns_image_server\image_processing\ns_detected_worm_info.h">
      <Filter>image_processing</Filter>
    </ClInclude>
    <ClInclude Include="..\ns_image_server\job_scheduling\ns_processing_job_processor.h">
      <Filter>job_scheduling</Filter>
    </ClInclude>
    <ClInclude Include="..\ns_image_server\job_scheduling\ns_processing_job_pull_scheduler.h">
      <Filter>job_scheduling</Filter>
    </ClInclude>
    <ClInclude Include="..\ns_image_server\job_scheduling\ns_processing_job_push_scheduler.h">
      <Filter>job_scheduling</Filter>
    </ClInclude>
    <ClInclude Include="..\ns_image_server\job_scheduling\ns_processing_job_scheduler.h">
      <Filter>job_scheduling</Filter>
    </ClInclude>
    <ClInclude Include="..\ns_image_server\job_scheduling\ns_processing_tasks.h">
      <Filter>job_scheduling</Filter>
    </ClInclude>
    <ClInclude Include="..\ns_image_server\job_scheduling\ns_processing_job.h">
      <Filter>job_scheduling</Filter>
    </ClInclude>
    <ClInclude Include="..\ns_image_server\movement_analysis\ns_time_path_posture_movement_solution.h">
      <Filter>movement_analysis</Filter>
    </ClInclude>
    <ClInclude Include="..\ns_image_server\movement_analysis\ns_time_path_solver.h">
      <Filter>movement_analysis</Filter>
    </ClInclude>
    <ClInclude Include="..\ns_image_server\movement_analysis\ns_hidden_markov_model.h">
      <Filter>movement_analysis</Filter>
    </ClInclude>
    <ClInclude Include="..\ns_image_server\movement_analysis\ns_hidden_markov_model_posture_analyzer.h">
      <Filter>movement_analysis</Filter>
    </ClInclude>
    <ClInclude Include="..\ns_image_server\movement_analysis\ns_image_server_time_path_inferred_worm_aggregator.h">
      <Filter>movement_analysis</Filter>
    </ClInclude>
    <ClInclude Include="..\ns_image_server\system_base\ns_managed_pointer.h">
      <Filter>system_base</Filter>
    </ClInclude>
    <ClInclude Include="..\ns_image_server\system_base\ns_os_signal_handler.h">
      <Filter>system_base</Filter>
    </ClInclude>
    <ClInclude Include="..\ns_image_server\system_base\ns_socket.h">
      <Filter>system_base</Filter>
    </ClInclude>
    <ClInclude Include="..\ns_image_server\system_base\ns_sql.h">
      <Filter>system_base</Filter>
    </ClInclude>
    <ClInclude Include="..\ns_image_server\system_base\ns_thread.h">
      <Filter>system_base</Filter>
    </ClInclude>
    <ClInclude Include="..\ns_image_server\system_base\ns_dir.h">
      <Filter>system_base</Filter>
    </ClInclude>
    <ClInclude Include="..\ns_image_server\system_base\ns_ex.h">
      <Filter>system_base</Filter>
    </ClInclude>
    <ClInclude Include="..\ns_image_server\system_base\ns_lock.h">
      <Filter>system_base</Filter>
    </ClInclude>
    <ClInclude Include="..\ns_image_server\statistics\ns_jmp_file.h">
      <Filter>statistics</Filter>
    </ClInclude>
    <ClInclude Include="..\ns_image_server\statistics\ns_lifespan_statistics.h">
      <Filter>statistics</Filter>
    </ClInclude>
    <ClInclude Include="..\ns_image_server\statistics\ns_linear_regression_model.h">
      <Filter>statistics</Filter>
    </ClInclude>
    <ClInclude Include="..\ns_image_server\statistics\ns_movement_state.h">
      <Filter>statistics</Filter>
    </ClInclude>
    <ClInclude Include="..\ns_image_server\statistics\ns_posture_analysis_models.h">
      <Filter>statistics</Filter>
    </ClInclude>
    <ClInclude Include="..\ns_image_server\statistics\ns_survival_curve.h">
      <Filter>statistics</Filter>
    </ClInclude>
    <ClInclude Include="..\ns_image_server\statistics\ns_by_hand_lifespan.h">
      <Filter>statistics</Filter>
    </ClInclude>
    <ClInclude Include="..\external_compile_libraries\jpeg-8d\jerror.h">
      <Filter>image_format_lib\jpeg\h</Filter>
    </ClInclude>
    <ClInclude Include="..\external_compile_libraries\jpeg-8d\jinclude.h">
      <Filter>image_format_lib\jpeg\h</Filter>
    </ClInclude>
    <ClInclude Include="..\external_compile_libraries\jpeg-8d\jmemsys.h">
      <Filter>image_format_lib\jpeg\h</Filter>
    </ClInclude>
    <ClInclude Include="..\external_compile_libraries\jpeg-8d\jmorecfg.h">
      <Filter>image_format_lib\jpeg\h</Filter>
    </ClInclude>
    <ClInclude Include="..\external_compile_libraries\jpeg-8d\jpegint.h">
      <Filter>image_format_lib\jpeg\h</Filter>
    </ClInclude>
    <ClInclude Include="..\external_compile_libraries\jpeg-8d\jpeglib.h">
      <Filter>image_format_lib\jpeg\h</Filter>
    </ClInclude>
    <ClInclude Include="..\external_compile_libraries\jpeg-8d\jversion.h">
      <Filter>image_format_lib\jpeg\h</Filter>
    </ClInclude>
    <ClInclude Include="..\external_compile_libraries\jpeg-8d\transupp.h">
      <Filter>image_format_lib\jpeg\h</Filter>
    </ClInclude>
    <ClInclude Include="..\external_compile_libraries\jpeg-8d\cderror.h">
      <Filter>image_format_lib\jpeg\h</Filter>
    </ClInclude>
    <ClInclude Include="..\external_compile_libraries\jpeg-8d\cdjpeg.h">
      <Filter>image_format_lib\jpeg\h</Filter>
    </ClInclude>
    <ClInclude Include="..\external_compile_libraries\jpeg-8d\jdct.h">
      <Filter>image_format_lib\jpeg\h</Filter>
    </ClInclude>
    <ClInclude Include="..\ns_image_server\statistics\ns_normal_distribution.h">
      <Filter>statistics</Filter>
    </ClInclude>
    <ClInclude Include="resource_server.h">
      <Filter>Resource Files</Filter>
    </ClInclude>
    <ClInclude Include="..\ns_image_server\system_base\ns_xml.h">
      <Filter>system_base</Filter>
    </ClInclude>
    <ClInclude Include="..\ns_image_server\image_server\ns_file_location_specification.h">
      <Filter>image_server</Filter>
    </ClInclude>
    <ClInclude Include="..\ns_image_server\image_server\ns_get_double.h">
      <Filter>image_server</Filter>
    </ClInclude>
    <ClInclude Include="..\ns_image_server\image_server\ns_graph.h">
      <Filter>image_server</Filter>
    </ClInclude>
    <ClInclude Include="..\ns_image_server\image_server\ns_hand_annotation_loader.h">
      <Filter>image_server</Filter>
    </ClInclude>
    <ClInclude Include="..\ns_image_server\image_server\ns_high_precision_timer.h">
      <Filter>image_server</Filter>
    </ClInclude>
    <ClInclude Include="..\ns_image_server\image_server\ns_image_server.h">
      <Filter>image_server</Filter>
    </ClInclude>
    <ClInclude Include="..\ns_image_server\image_server\ns_image_server_images.h">
      <Filter>image_server</Filter>
    </ClInclude>
    <ClInclude Include="..\ns_image_server\image_server\ns_image_server_message.h">
      <Filter>image_server</Filter>
    </ClInclude>
    <ClInclude Include="..\ns_image_server\image_server\ns_image_server_results_storage.h">
      <Filter>image_server</Filter>
    </ClInclude>
    <ClInclude Include="..\ns_image_server\image_server\ns_image_server_sql.h">
      <Filter>image_server</Filter>
    </ClInclude>
    <ClInclude Include="..\ns_image_server\image_server\ns_image_server_stock_quotes.h">
      <Filter>image_server</Filter>
    </ClInclude>
    <ClInclude Include="..\ns_image_server\image_server\ns_image_simple_cache.h">
      <Filter>image_server</Filter>
    </ClInclude>
    <ClInclude Include="..\ns_image_server\image_server\ns_image_statistics.h">
      <Filter>image_server</Filter>
    </ClInclude>
    <ClInclude Include="..\ns_image_server\image_server\ns_image_storage.h">
      <Filter>image_server</Filter>
    </ClInclude>
    <ClInclude Include="..\ns_image_server\image_server\ns_image_storage_handler.h">
      <Filter>image_server</Filter>
    </ClInclude>
    <ClInclude Include="..\ns_image_server\image_server\ns_image_stream_buffers.h">
      <Filter>image_server</Filter>
    </ClInclude>
    <ClInclude Include="..\ns_image_server\image_server\ns_ini.h">
      <Filter>image_server</Filter>
    </ClInclude>
    <ClInclude Include="..\ns_image_server\image_server\ns_performance_statistics.h">
      <Filter>image_server</Filter>
    </ClInclude>
    <ClInclude Include="..\ns_image_server\image_server\ns_progress_reporter.h">
      <Filter>image_server</Filter>
    </ClInclude>
    <ClInclude Include="..\ns_image_server\image_server\ns_simple_image_cache.h">
      <Filter>image_server</Filter>
    </ClInclude>
    <ClInclude Include="..\ns_image_server\image_server\ns_single_thread_coordinator.h">
      <Filter>image_server</Filter>
    </ClInclude>
    <ClInclude Include="..\external_libraries\tinyxml\tinystr.h">
      <Filter>misc_lib\tinyxml</Filter>
    </ClInclude>
    <ClInclude Include="..\external_libraries\libsvm\svm.h">
      <Filter>misc_lib\libsvm</Filter>
    </ClInclude>
    <ClInclude Include="..\external_libraries\wm4_bspline\Wm4BandedMatrix.h">
      <Filter>misc_lib\wm4_bspline</Filter>
    </ClInclude>
    <ClInclude Include="..\external_libraries\wm4_bspline\Wm4BSplineBasis.h">
      <Filter>misc_lib\wm4_bspline</Filter>
    </ClInclude>
    <ClInclude Include="..\external_libraries\wm4_bspline\Wm4BSplineCurve2.h">
      <Filter>misc_lib\wm4_bspline</Filter>
    </ClInclude>
    <ClInclude Include="..\external_libraries\wm4_bspline\Wm4BSplineCurveFit.h">
      <Filter>misc_lib\wm4_bspline</Filter>
    </ClInclude>
    <ClInclude Include="..\external_libraries\wm4_bspline\Wm4BSplineFitBasis.h">
      <Filter>misc_lib\wm4_bspline</Filter>
    </ClInclude>
    <ClInclude Include="..\external_libraries\wm4_bspline\Wm4Command.h">
      <Filter>misc_lib\wm4_bspline</Filter>
    </ClInclude>
    <ClInclude Include="..\external_libraries\wm4_bspline\Wm4Curve2.h">
      <Filter>misc_lib\wm4_bspline</Filter>
    </ClInclude>
    <ClInclude Include="..\external_libraries\wm4_bspline\Wm4FoundationLIB.h">
      <Filter>misc_lib\wm4_bspline</Filter>
    </ClInclude>
    <ClInclude Include="..\external_libraries\wm4_bspline\Wm4FoundationPCH.h">
      <Filter>misc_lib\wm4_bspline</Filter>
    </ClInclude>
    <ClInclude Include="..\external_libraries\wm4_bspline\Wm4Integrate1.h">
      <Filter>misc_lib\wm4_bspline</Filter>
    </ClInclude>
    <ClInclude Include="..\external_libraries\wm4_bspline\Wm4IntpBSplineUniform.h">
      <Filter>misc_lib\wm4_bspline</Filter>
    </ClInclude>
    <ClInclude Include="..\external_libraries\wm4_bspline\Wm4IntpBSplineUniform2.h">
      <Filter>misc_lib\wm4_bspline</Filter>
    </ClInclude>
    <ClInclude Include="..\external_libraries\wm4_bspline\Wm4Math.h">
      <Filter>misc_lib\wm4_bspline</Filter>
    </ClInclude>
    <ClInclude Include="..\external_libraries\wm4_bspline\Wm4MathMCR.h">
      <Filter>misc_lib\wm4_bspline</Filter>
    </ClInclude>
    <ClInclude Include="..\external_libraries\wm4_bspline\Wm4Memory.h">
      <Filter>misc_lib\wm4_bspline</Filter>
    </ClInclude>
    <ClInclude Include="..\external_libraries\wm4_bspline\Wm4Platforms.h">
      <Filter>misc_lib\wm4_bspline</Filter>
    </ClInclude>
    <ClInclude Include="..\external_libraries\wm4_bspline\Wm4SingleCurve2.h">
      <Filter>misc_lib\wm4_bspline</Filter>
    </ClInclude>
    <ClInclude Include="..\external_libraries\wm4_bspline\Wm4System.h">
      <Filter>misc_lib\wm4_bspline</Filter>
    </ClInclude>
    <ClInclude Include="..\external_libraries\wm4_bspline\Wm4THashSet.h">
      <Filter>misc_lib\wm4_bspline</Filter>
    </ClInclude>
    <ClInclude Include="..\external_libraries\wm4_bspline\Wm4THashTable.h">
      <Filter>misc_lib\wm4_bspline</Filter>
    </ClInclude>
    <ClInclude Include="..\external_libraries\wm4_bspline\Wm4TMinHeap.h">
      <Filter>misc_lib\wm4_bspline</Filter>
    </ClInclude>
    <ClInclude Include="..\external_libraries\wm4_bspline\Wm4TSmallUnorderedSet.h">
      <Filter>misc_lib\wm4_bspline</Filter>
    </ClInclude>
    <ClInclude Include="..\external_libraries\wm4_bspline\Wm4TStringHashTable.h">
      <Filter>misc_lib\wm4_bspline</Filter>
    </ClInclude>
    <ClInclude Include="..\external_libraries\wm4_bspline\Wm4TTuple.h">
      <Filter>misc_lib\wm4_bspline</Filter>
    </ClInclude>
    <ClInclude Include="..\external_libraries\wm4_bspline\Wm4Vector2.h">
      <Filter>misc_lib\wm4_bspline</Filter>
    </ClInclude>
    <ClInclude Include="..\ns_image_server\image_processing\ns_gaussian_pyramid.h">
      <Filter>image_processing</Filter>
    </ClInclude>
    <ClInclude Include="..\ns_image_server\image_acquisition\ns_process_16_bit_images.h">
      <Filter>image_acquisition</Filter>
    </ClInclude>
    <ClInclude Include="..\ns_image_server\image_acquisition\ns_resampler.h">
      <Filter>image_acquisition</Filter>
    </ClInclude>
    <ClInclude Include="..\ns_image_server\image_acquisition\ns_difference_thresholder.h">
      <Filter>image_acquisition</Filter>
    </ClInclude>
    <ClInclude Include="..\ns_image_server\image_processing\ns_mask_management.h">
      <Filter>image_processing</Filter>
    </ClInclude>
    <ClInclude Include="..\ns_image_server\movement_analysis\ns_experiment_storyboard.h">
      <Filter>movement_analysis</Filter>
    </ClInclude>
    <ClInclude Include="..\ns_image_server\movement_analysis\ns_movement_measurement.h">
      <Filter>movement_analysis</Filter>
    </ClInclude>
    <ClInclude Include="..\ns_image_server\movement_analysis\ns_time_path_image_analyzer.h">
      <Filter>movement_analysis</Filter>
    </ClInclude>
    <ClInclude Include="..\ns_image_server\movement_analysis\ns_machine_analysis_data_loader.h">
      <Filter>movement_analysis</Filter>
    </ClInclude>
    <ClInclude Include="..\ns_image_server\image_processing\ns_image_processing_pipeline.h">
      <Filter>image_processing</Filter>
    </ClInclude>
    <ClInclude Include="..\ns_image_server\image_processing\ns_image_tools.h">
      <Filter>image_processing</Filter>
    </ClInclude>
    <ClInclude Include="..\ns_image_server\image_acquisition\ns_captured_image_statistics_set.h">
      <Filter>image_acquisition</Filter>
    </ClInclude>
    <ClInclude Include="..\ns_image_server\data_annotation\ns_death_time_annotation.h">
      <Filter>data_annotation</Filter>
    </ClInclude>
    <ClInclude Include="..\ns_image_server\data_annotation\ns_death_time_annotation_set.h">
      <Filter>data_annotation</Filter>
    </ClInclude>
  </ItemGroup>
  <ItemGroup>
    <ClCompile Include="..\ns_image_server\image_acquisition\ns_buffered_capture_scheduler.cpp">
      <Filter>image_acquisition</Filter>
    </ClCompile>
    <ClCompile Include="..\ns_image_server\image_acquisition\ns_capture_device.cpp">
      <Filter>image_acquisition</Filter>
    </ClCompile>
    <ClCompile Include="..\ns_image_server\image_acquisition\ns_capture_device_manager.cpp">
      <Filter>image_acquisition</Filter>
    </ClCompile>
    <ClCompile Include="..\ns_image_server\image_acquisition\ns_capture_schedule.cpp">
      <Filter>image_acquisition</Filter>
    </ClCompile>
    <ClCompile Include="..\ns_image_server\image_acquisition\ns_image_capture_data_manager.cpp">
      <Filter>image_acquisition</Filter>
    </ClCompile>
    <ClCompile Include="..\ns_image_server\image_acquisition\ns_image_server_alerts.cpp">
      <Filter>image_acquisition</Filter>
    </ClCompile>
    <ClCompile Include="..\ns_image_server\image_acquisition\ns_image_server_dispatcher.cpp">
      <Filter>image_acquisition</Filter>
    </ClCompile>
    <ClCompile Include="..\ns_image_server\image_acquisition\ns_usb.cpp">
      <Filter>image_acquisition</Filter>
    </ClCompile>
    <ClCompile Include="..\ns_image_server\image_acquisition\ns_barcode.cpp">
      <Filter>image_acquisition</Filter>
    </ClCompile>
    <ClCompile Include="..\ns_image_server\image_base\ns_font.cpp">
      <Filter>image_base</Filter>
    </ClCompile>
    <ClCompile Include="..\ns_image_server\image_base\ns_image.cpp">
      <Filter>image_base</Filter>
    </ClCompile>
    <ClCompile Include="..\ns_image_server\image_base\ns_image_socket.cpp">
      <Filter>image_base</Filter>
    </ClCompile>
    <ClCompile Include="..\ns_image_server\image_base\ns_jpeg.cpp">
      <Filter>image_base</Filter>
    </ClCompile>
    <ClCompile Include="..\ns_image_server\image_base\ns_libtiff_interface.c">
      <Filter>image_base</Filter>
    </ClCompile>
    <ClCompile Include="..\ns_image_server\image_base\ns_ojp2k.cpp">
      <Filter>image_base</Filter>
    </ClCompile>
    <ClCompile Include="..\ns_image_server\image_base\ns_svg.cpp">
      <Filter>image_base</Filter>
    </ClCompile>
    <ClCompile Include="..\ns_image_server\image_base\ns_tiff.cpp">
      <Filter>image_base</Filter>
    </ClCompile>
    <ClCompile Include="..\ns_image_server\image_base\ns_vector.cpp">
      <Filter>image_base</Filter>
    </ClCompile>
    <ClCompile Include="..\ns_image_server\image_base\ns_vector_bitmap_interface.cpp">
      <Filter>image_base</Filter>
    </ClCompile>
    <ClCompile Include="..\ns_image_server\image_processing\ns_identify_contiguous_bitmap_regions.cpp">
      <Filter>image_processing</Filter>
    </ClCompile>
    <ClCompile Include="..\ns_image_server\image_processing\ns_movement_visualization_generator.cpp">
      <Filter>image_processing</Filter>
    </ClCompile>
    <ClCompile Include="..\ns_image_server\image_processing\ns_node_topology.cpp">
      <Filter>image_processing</Filter>
    </ClCompile>
    <ClCompile Include="..\ns_image_server\image_processing\ns_segment_topology.cpp">
      <Filter>image_processing</Filter>
    </ClCompile>
    <ClCompile Include="..\ns_image_server\image_processing\ns_spatial_avg.cpp">
      <Filter>image_processing</Filter>
    </ClCompile>
    <ClCompile Include="..\ns_image_server\image_processing\ns_spine_drawer.cpp">
      <Filter>image_processing</Filter>
    </ClCompile>
    <ClCompile Include="..\ns_image_server\image_processing\ns_worm_detection_constants.cpp">
      <Filter>image_processing</Filter>
    </ClCompile>
    <ClCompile Include="..\ns_image_server\image_processing\ns_worm_detector.cpp">
      <Filter>image_processing</Filter>
    </ClCompile>
    <ClCompile Include="..\ns_image_server\image_processing\ns_worm_training_set_image.cpp">
      <Filter>image_processing</Filter>
    </ClCompile>
    <ClCompile Include="..\ns_image_server\image_processing\ns_xvid.cpp">
      <Filter>image_processing</Filter>
    </ClCompile>
    <ClCompile Include="..\ns_image_server\image_processing\ns_bspline.cpp">
      <Filter>image_processing</Filter>
    </ClCompile>
    <ClCompile Include="..\ns_image_server\image_processing\ns_complex_segment_cluster_solver.cpp">
      <Filter>image_processing</Filter>
    </ClCompile>
    <ClCompile Include="..\ns_image_server\image_processing\ns_detected_worm_info.cpp">
      <Filter>image_processing</Filter>
    </ClCompile>
    <ClCompile Include="..\ns_image_server\job_scheduling\ns_processing_job_processor.cpp">
      <Filter>job_scheduling</Filter>
    </ClCompile>
    <ClCompile Include="..\ns_image_server\job_scheduling\ns_processing_job_push_scheduler.cpp">
      <Filter>job_scheduling</Filter>
    </ClCompile>
    <ClCompile Include="..\ns_image_server\job_scheduling\ns_processing_job_scheduler.cpp">
      <Filter>job_scheduling</Filter>
    </ClCompile>
    <ClCompile Include="..\ns_image_server\movement_analysis\ns_time_path_image_analyzer.cpp">
      <Filter>movement_analysis</Filter>
    </ClCompile>
    <ClCompile Include="..\ns_image_server\movement_analysis\ns_time_path_solver.cpp">
      <Filter>movement_analysis</Filter>
    </ClCompile>
    <ClCompile Include="..\ns_image_server\movement_analysis\ns_hidden_markov_model_posture_analyzer.cpp">
      <Filter>movement_analysis</Filter>
    </ClCompile>
    <ClCompile Include="..\ns_image_server\system_base\ns_socket.cpp">
      <Filter>system_base</Filter>
    </ClCompile>
    <ClCompile Include="..\ns_image_server\system_base\ns_sql.cpp">
      <Filter>system_base</Filter>
    </ClCompile>
    <ClCompile Include="..\ns_image_server\system_base\ns_thread.cpp">
      <Filter>system_base</Filter>
    </ClCompile>
    <ClCompile Include="..\ns_image_server\system_base\ns_dir.cpp">
      <Filter>system_base</Filter>
    </ClCompile>
    <ClCompile Include="..\ns_image_server\system_base\ns_ex.cpp">
      <Filter>system_base</Filter>
    </ClCompile>
    <ClCompile Include="..\ns_image_server\statistics\ns_survival_curve.cpp">
      <Filter>statistics</Filter>
    </ClCompile>
    <ClCompile Include="..\external_compile_libraries\jpeg-8d\jdmaster.c">
      <Filter>image_format_lib\jpeg</Filter>
    </ClCompile>
    <ClCompile Include="..\external_compile_libraries\jpeg-8d\jdmerge.c">
      <Filter>image_format_lib\jpeg</Filter>
    </ClCompile>
    <ClCompile Include="..\external_compile_libraries\jpeg-8d\jdpostct.c">
      <Filter>image_format_lib\jpeg</Filter>
    </ClCompile>
    <ClCompile Include="..\external_compile_libraries\jpeg-8d\jdsample.c">
      <Filter>image_format_lib\jpeg</Filter>
    </ClCompile>
    <ClCompile Include="..\external_compile_libraries\jpeg-8d\jdtrans.c">
      <Filter>image_format_lib\jpeg</Filter>
    </ClCompile>
    <ClCompile Include="..\external_compile_libraries\jpeg-8d\jerror.c">
      <Filter>image_format_lib\jpeg</Filter>
    </ClCompile>
    <ClCompile Include="..\external_compile_libraries\jpeg-8d\jfdctflt.c">
      <Filter>image_format_lib\jpeg</Filter>
    </ClCompile>
    <ClCompile Include="..\external_compile_libraries\jpeg-8d\jfdctfst.c">
      <Filter>image_format_lib\jpeg</Filter>
    </ClCompile>
    <ClCompile Include="..\external_compile_libraries\jpeg-8d\jfdctint.c">
      <Filter>image_format_lib\jpeg</Filter>
    </ClCompile>
    <ClCompile Include="..\external_compile_libraries\jpeg-8d\jidctflt.c">
      <Filter>image_format_lib\jpeg</Filter>
    </ClCompile>
    <ClCompile Include="..\external_compile_libraries\jpeg-8d\jidctfst.c">
      <Filter>image_format_lib\jpeg</Filter>
    </ClCompile>
    <ClCompile Include="..\external_compile_libraries\jpeg-8d\jidctint.c">
      <Filter>image_format_lib\jpeg</Filter>
    </ClCompile>
    <ClCompile Include="..\external_compile_libraries\jpeg-8d\jquant1.c">
      <Filter>image_format_lib\jpeg</Filter>
    </ClCompile>
    <ClCompile Include="..\external_compile_libraries\jpeg-8d\jquant2.c">
      <Filter>image_format_lib\jpeg</Filter>
    </ClCompile>
    <ClCompile Include="..\external_compile_libraries\jpeg-8d\jutils.c">
      <Filter>image_format_lib\jpeg</Filter>
    </ClCompile>
    <ClCompile Include="..\external_compile_libraries\jpeg-8d\rdbmp.c">
      <Filter>image_format_lib\jpeg</Filter>
    </ClCompile>
    <ClCompile Include="..\external_compile_libraries\jpeg-8d\rdcolmap.c">
      <Filter>image_format_lib\jpeg</Filter>
    </ClCompile>
    <ClCompile Include="..\external_compile_libraries\jpeg-8d\rdgif.c">
      <Filter>image_format_lib\jpeg</Filter>
    </ClCompile>
    <ClCompile Include="..\external_compile_libraries\jpeg-8d\rdppm.c">
      <Filter>image_format_lib\jpeg</Filter>
    </ClCompile>
    <ClCompile Include="..\external_compile_libraries\jpeg-8d\rdrle.c">
      <Filter>image_format_lib\jpeg</Filter>
    </ClCompile>
    <ClCompile Include="..\external_compile_libraries\jpeg-8d\rdswitch.c">
      <Filter>image_format_lib\jpeg</Filter>
    </ClCompile>
    <ClCompile Include="..\external_compile_libraries\jpeg-8d\rdtarga.c">
      <Filter>image_format_lib\jpeg</Filter>
    </ClCompile>
    <ClCompile Include="..\external_compile_libraries\jpeg-8d\transupp.c">
      <Filter>image_format_lib\jpeg</Filter>
    </ClCompile>
    <ClCompile Include="..\external_compile_libraries\jpeg-8d\wrbmp.c">
      <Filter>image_format_lib\jpeg</Filter>
    </ClCompile>
    <ClCompile Include="..\external_compile_libraries\jpeg-8d\wrgif.c">
      <Filter>image_format_lib\jpeg</Filter>
    </ClCompile>
    <ClCompile Include="..\external_compile_libraries\jpeg-8d\wrppm.c">
      <Filter>image_format_lib\jpeg</Filter>
    </ClCompile>
    <ClCompile Include="..\external_compile_libraries\jpeg-8d\wrrle.c">
      <Filter>image_format_lib\jpeg</Filter>
    </ClCompile>
    <ClCompile Include="..\external_compile_libraries\jpeg-8d\wrtarga.c">
      <Filter>image_format_lib\jpeg</Filter>
    </ClCompile>
    <ClCompile Include="..\external_compile_libraries\jpeg-8d\jaricom.c">
      <Filter>image_format_lib\jpeg</Filter>
    </ClCompile>
    <ClCompile Include="..\external_compile_libraries\jpeg-8d\jcapimin.c">
      <Filter>image_format_lib\jpeg</Filter>
    </ClCompile>
    <ClCompile Include="..\external_compile_libraries\jpeg-8d\jcapistd.c">
      <Filter>image_format_lib\jpeg</Filter>
    </ClCompile>
    <ClCompile Include="..\external_compile_libraries\jpeg-8d\jcarith.c">
      <Filter>image_format_lib\jpeg</Filter>
    </ClCompile>
    <ClCompile Include="..\external_compile_libraries\jpeg-8d\jccoefct.c">
      <Filter>image_format_lib\jpeg</Filter>
    </ClCompile>
    <ClCompile Include="..\external_compile_libraries\jpeg-8d\jccolor.c">
      <Filter>image_format_lib\jpeg</Filter>
    </ClCompile>
    <ClCompile Include="..\external_compile_libraries\jpeg-8d\jcdctmgr.c">
      <Filter>image_format_lib\jpeg</Filter>
    </ClCompile>
    <ClCompile Include="..\external_compile_libraries\jpeg-8d\jchuff.c">
      <Filter>image_format_lib\jpeg</Filter>
    </ClCompile>
    <ClCompile Include="..\external_compile_libraries\jpeg-8d\jcinit.c">
      <Filter>image_format_lib\jpeg</Filter>
    </ClCompile>
    <ClCompile Include="..\external_compile_libraries\jpeg-8d\jcmainct.c">
      <Filter>image_format_lib\jpeg</Filter>
    </ClCompile>
    <ClCompile Include="..\external_compile_libraries\jpeg-8d\jcmarker.c">
      <Filter>image_format_lib\jpeg</Filter>
    </ClCompile>
    <ClCompile Include="..\external_compile_libraries\jpeg-8d\jcmaster.c">
      <Filter>image_format_lib\jpeg</Filter>
    </ClCompile>
    <ClCompile Include="..\external_compile_libraries\jpeg-8d\jcomapi.c">
      <Filter>image_format_lib\jpeg</Filter>
    </ClCompile>
    <ClCompile Include="..\external_compile_libraries\jpeg-8d\jcparam.c">
      <Filter>image_format_lib\jpeg</Filter>
    </ClCompile>
    <ClCompile Include="..\external_compile_libraries\jpeg-8d\jcprepct.c">
      <Filter>image_format_lib\jpeg</Filter>
    </ClCompile>
    <ClCompile Include="..\external_compile_libraries\jpeg-8d\jcsample.c">
      <Filter>image_format_lib\jpeg</Filter>
    </ClCompile>
    <ClCompile Include="..\external_compile_libraries\jpeg-8d\jctrans.c">
      <Filter>image_format_lib\jpeg</Filter>
    </ClCompile>
    <ClCompile Include="..\external_compile_libraries\jpeg-8d\jdapimin.c">
      <Filter>image_format_lib\jpeg</Filter>
    </ClCompile>
    <ClCompile Include="..\external_compile_libraries\jpeg-8d\jdapistd.c">
      <Filter>image_format_lib\jpeg</Filter>
    </ClCompile>
    <ClCompile Include="..\external_compile_libraries\jpeg-8d\jdarith.c">
      <Filter>image_format_lib\jpeg</Filter>
    </ClCompile>
    <ClCompile Include="..\external_compile_libraries\jpeg-8d\jdatadst.c">
      <Filter>image_format_lib\jpeg</Filter>
    </ClCompile>
    <ClCompile Include="..\external_compile_libraries\jpeg-8d\jdatasrc.c">
      <Filter>image_format_lib\jpeg</Filter>
    </ClCompile>
    <ClCompile Include="..\external_compile_libraries\jpeg-8d\jdcoefct.c">
      <Filter>image_format_lib\jpeg</Filter>
    </ClCompile>
    <ClCompile Include="..\external_compile_libraries\jpeg-8d\jdcolor.c">
      <Filter>image_format_lib\jpeg</Filter>
    </ClCompile>
    <ClCompile Include="..\external_compile_libraries\jpeg-8d\jddctmgr.c">
      <Filter>image_format_lib\jpeg</Filter>
    </ClCompile>
    <ClCompile Include="..\external_compile_libraries\jpeg-8d\jdhuff.c">
      <Filter>image_format_lib\jpeg</Filter>
    </ClCompile>
    <ClCompile Include="..\external_compile_libraries\jpeg-8d\jdinput.c">
      <Filter>image_format_lib\jpeg</Filter>
    </ClCompile>
    <ClCompile Include="..\external_compile_libraries\jpeg-8d\jdmainct.c">
      <Filter>image_format_lib\jpeg</Filter>
    </ClCompile>
    <ClCompile Include="..\external_compile_libraries\jpeg-8d\jdmarker.c">
      <Filter>image_format_lib\jpeg</Filter>
    </ClCompile>
    <ClCompile Include="..\ns_image_server\image_processing\ns_heat_map_interpolation.cpp">
      <Filter>image_processing</Filter>
    </ClCompile>
    <ClCompile Include="..\ns_image_server\statistics\ns_normal_distribution.cpp">
      <Filter>statistics</Filter>
    </ClCompile>
    <ClCompile Include="..\external_compile_libraries\jpeg-8d\jmemmgr.c">
      <Filter>image_format_lib\jpeg</Filter>
    </ClCompile>
    <ClCompile Include="..\external_compile_libraries\jpeg-8d\jmemnobs.c">
      <Filter>image_format_lib\jpeg</Filter>
    </ClCompile>
    <ClCompile Include="..\ns_image_server\system_base\ns_xml.cpp">
      <Filter>system_base</Filter>
    </ClCompile>
    <ClCompile Include="..\ns_image_server\image_server\ns_graph.cpp">
      <Filter>image_server</Filter>
    </ClCompile>
    <ClCompile Include="..\ns_image_server\image_server\ns_image_server.cpp">
      <Filter>image_server</Filter>
    </ClCompile>
    <ClCompile Include="..\ns_image_server\image_server\ns_image_server_images.cpp">
      <Filter>image_server</Filter>
    </ClCompile>
    <ClCompile Include="..\ns_image_server\image_server\ns_image_server_message.cpp">
      <Filter>image_server</Filter>
    </ClCompile>
    <ClCompile Include="..\ns_image_server\image_server\ns_image_statistics.cpp">
      <Filter>image_server</Filter>
    </ClCompile>
    <ClCompile Include="..\ns_image_server\image_server\ns_image_storage_handler.cpp">
      <Filter>image_server</Filter>
    </ClCompile>
    <ClCompile Include="..\ns_image_server\image_server\ns_ini.cpp">
      <Filter>image_server</Filter>
    </ClCompile>
    <ClCompile Include="..\external_libraries\triangle\triangle.cpp">
      <Filter>misc_lib</Filter>
    </ClCompile>
    <ClCompile Include="..\external_libraries\tinyxml\tinystr.cpp">
      <Filter>misc_lib\tinyxml</Filter>
    </ClCompile>
    <ClCompile Include="..\external_libraries\tinyxml\tinyxml.cpp">
      <Filter>misc_lib\tinyxml</Filter>
    </ClCompile>
    <ClCompile Include="..\external_libraries\tinyxml\tinyxmlerror.cpp">
      <Filter>misc_lib\tinyxml</Filter>
    </ClCompile>
    <ClCompile Include="..\external_libraries\tinyxml\tinyxmlparser.cpp">
      <Filter>misc_lib\tinyxml</Filter>
    </ClCompile>
    <ClCompile Include="..\external_libraries\ctmf\ctmf.c">
      <Filter>misc_lib\cmtf</Filter>
    </ClCompile>
    <ClCompile Include="..\external_libraries\libsvm\svm.cpp">
      <Filter>misc_lib\libsvm</Filter>
    </ClCompile>
    <ClCompile Include="..\external_libraries\libhungarian\hungarian.c">
      <Filter>misc_lib\hungarian</Filter>
    </ClCompile>
    <ClCompile Include="..\external_libraries\wm4_bspline\Wm4BSplineBasis.cpp">
      <Filter>misc_lib\wm4_bspline</Filter>
    </ClCompile>
    <ClCompile Include="..\external_libraries\wm4_bspline\Wm4BSplineCurve2.cpp">
      <Filter>misc_lib\wm4_bspline</Filter>
    </ClCompile>
    <ClCompile Include="..\external_libraries\wm4_bspline\Wm4BSplineCurveFit.cpp">
      <Filter>misc_lib\wm4_bspline</Filter>
    </ClCompile>
    <ClCompile Include="..\external_libraries\wm4_bspline\Wm4BSplineFitBasis.cpp">
      <Filter>misc_lib\wm4_bspline</Filter>
    </ClCompile>
    <ClCompile Include="..\external_libraries\wm4_bspline\Wm4Command.cpp">
      <Filter>misc_lib\wm4_bspline</Filter>
    </ClCompile>
    <ClCompile Include="..\external_libraries\wm4_bspline\Wm4Curve2.cpp">
      <Filter>misc_lib\wm4_bspline</Filter>
    </ClCompile>
    <ClCompile Include="..\external_libraries\wm4_bspline\Wm4FoundationPCH.cpp">
      <Filter>misc_lib\wm4_bspline</Filter>
    </ClCompile>
    <ClCompile Include="..\external_libraries\wm4_bspline\Wm4Integrate1.cpp">
      <Filter>misc_lib\wm4_bspline</Filter>
    </ClCompile>
    <ClCompile Include="..\external_libraries\wm4_bspline\Wm4IntpBSplineUniform.cpp">
      <Filter>misc_lib\wm4_bspline</Filter>
    </ClCompile>
    <ClCompile Include="..\external_libraries\wm4_bspline\Wm4IntpBSplineUniform2.cpp">
      <Filter>misc_lib\wm4_bspline</Filter>
    </ClCompile>
    <ClCompile Include="..\external_libraries\wm4_bspline\Wm4Math.cpp">
      <Filter>misc_lib\wm4_bspline</Filter>
    </ClCompile>
    <ClCompile Include="..\external_libraries\wm4_bspline\Wm4Memory.cpp">
      <Filter>misc_lib\wm4_bspline</Filter>
    </ClCompile>
    <ClCompile Include="..\external_libraries\wm4_bspline\Wm4SingleCurve2.cpp">
      <Filter>misc_lib\wm4_bspline</Filter>
    </ClCompile>
    <ClCompile Include="..\external_libraries\wm4_bspline\Wm4System.cpp">
      <Filter>misc_lib\wm4_bspline</Filter>
    </ClCompile>
    <ClCompile Include="..\external_libraries\wm4_bspline\Wm4Vector2.cpp">
      <Filter>misc_lib\wm4_bspline</Filter>
    </ClCompile>
    <ClCompile Include="..\external_compile_libraries\zlib\adler32.c">
      <Filter>image_format_lib\zlib</Filter>
    </ClCompile>
    <ClCompile Include="..\external_compile_libraries\zlib\compress.c">
      <Filter>image_format_lib\zlib</Filter>
    </ClCompile>
    <ClCompile Include="..\external_compile_libraries\zlib\crc32.c">
      <Filter>image_format_lib\zlib</Filter>
    </ClCompile>
    <ClCompile Include="..\external_compile_libraries\zlib\deflate.c">
      <Filter>image_format_lib\zlib</Filter>
    </ClCompile>
    <ClCompile Include="..\external_compile_libraries\zlib\gzio.c">
      <Filter>image_format_lib\zlib</Filter>
    </ClCompile>
    <ClCompile Include="..\external_compile_libraries\zlib\infback.c">
      <Filter>image_format_lib\zlib</Filter>
    </ClCompile>
    <ClCompile Include="..\external_compile_libraries\zlib\inffast.c">
      <Filter>image_format_lib\zlib</Filter>
    </ClCompile>
    <ClCompile Include="..\external_compile_libraries\zlib\inflate.c">
      <Filter>image_format_lib\zlib</Filter>
    </ClCompile>
    <ClCompile Include="..\external_compile_libraries\zlib\inftrees.c">
      <Filter>image_format_lib\zlib</Filter>
    </ClCompile>
    <ClCompile Include="..\external_compile_libraries\zlib\trees.c">
      <Filter>image_format_lib\zlib</Filter>
    </ClCompile>
    <ClCompile Include="..\external_compile_libraries\zlib\uncompr.c">
      <Filter>image_format_lib\zlib</Filter>
    </ClCompile>
    <ClCompile Include="..\external_compile_libraries\zlib\zutil.c">
      <Filter>image_format_lib\zlib</Filter>
    </ClCompile>
    <ClCompile Include="..\ns_image_server\image_server\ns_image_server_main.cpp" />
    <ClCompile Include="..\external_compile_libraries\libdmtx-0.7.4\dmtx.c">
      <Filter>misc_lib\dmtx</Filter>
    </ClCompile>
    <ClCompile Include="..\ns_image_server\image_server\ns_sql_table_lock_manager.cpp">
      <Filter>image_server</Filter>
    </ClCompile>
    <ClCompile Include="..\ns_image_server\image_server\ns_simple_cache.cpp">
      <Filter>image_server</Filter>
    </ClCompile>
    <ClCompile Include="..\ns_image_server\image_processing\ns_image_registration_cache.cpp">
      <Filter>image_processing</Filter>
    </ClCompile>
    <ClCompile Include="..\ns_image_server\movement_analysis\ns_analyze_movement_over_time.cpp">
      <Filter>job_scheduling</Filter>
    </ClCompile>
    <ClCompile Include="..\ns_image_server\image_processing\ns_subpixel_image_alignment.cpp">
      <Filter>image_processing</Filter>
    </ClCompile>
    <ClCompile Include="..\ns_image_server\image_acquisition\ns_difference_thresholder.cpp">
      <Filter>image_acquisition</Filter>
    </ClCompile>
    <ClCompile Include="..\ns_image_server\image_processing\ns_mask_management.cpp">
      <Filter>image_processing</Filter>
    </ClCompile>
    <ClCompile Include="..\ns_image_server\movement_analysis\ns_experiment_storyboard.cpp">
      <Filter>movement_analysis</Filter>
    </ClCompile>
    <ClCompile Include="..\ns_image_server\movement_analysis\ns_movement_measurement.cpp">
      <Filter>movement_analysis</Filter>
    </ClCompile>
    <ClCompile Include="..\ns_image_server\movement_analysis\ns_machine_analysis_data_loader.cpp">
      <Filter>movement_analysis</Filter>
    </ClCompile>
    <ClCompile Include="..\ns_image_server\image_processing\ns_image_processing_pipeline.cpp">
      <Filter>image_processing</Filter>
    </ClCompile>
    <ClCompile Include="..\ns_image_server\image_processing\ns_image_tools.cpp">
      <Filter>image_processing</Filter>
    </ClCompile>
    <ClCompile Include="..\ns_image_server\image_acquisition\ns_captured_image_statistics_set.cpp">
      <Filter>image_acquisition</Filter>
    </ClCompile>
    <ClCompile Include="..\external_compile_libraries\libtiff-4.0.9\libtiff\tif_predict.c">
      <Filter>image_format_lib\tiff</Filter>
    </ClCompile>
    <ClCompile Include="..\external_compile_libraries\libtiff-4.0.9\libtiff\tif_print.c">
      <Filter>image_format_lib\tiff</Filter>
    </ClCompile>
    <ClCompile Include="..\external_compile_libraries\libtiff-4.0.9\libtiff\tif_read.c">
      <Filter>image_format_lib\tiff</Filter>
    </ClCompile>
    <ClCompile Include="..\external_compile_libraries\libtiff-4.0.9\libtiff\tif_strip.c">
      <Filter>image_format_lib\tiff</Filter>
    </ClCompile>
    <ClCompile Include="..\external_compile_libraries\libtiff-4.0.9\libtiff\tif_swab.c">
      <Filter>image_format_lib\tiff</Filter>
    </ClCompile>
    <ClCompile Include="..\external_compile_libraries\libtiff-4.0.9\libtiff\tif_thunder.c">
      <Filter>image_format_lib\tiff</Filter>
    </ClCompile>
    <ClCompile Include="..\external_compile_libraries\libtiff-4.0.9\libtiff\tif_tile.c">
      <Filter>image_format_lib\tiff</Filter>
    </ClCompile>
    <ClCompile Include="..\external_compile_libraries\libtiff-4.0.9\libtiff\tif_version.c">
      <Filter>image_format_lib\tiff</Filter>
    </ClCompile>
    <ClCompile Include="..\external_compile_libraries\libtiff-4.0.9\libtiff\tif_warning.c">
      <Filter>image_format_lib\tiff</Filter>
    </ClCompile>
    <ClCompile Include="..\external_compile_libraries\libtiff-4.0.9\libtiff\tif_win32.c">
      <Filter>image_format_lib\tiff</Filter>
    </ClCompile>
    <ClCompile Include="..\external_compile_libraries\libtiff-4.0.9\libtiff\tif_write.c">
      <Filter>image_format_lib\tiff</Filter>
    </ClCompile>
    <ClCompile Include="..\external_compile_libraries\libtiff-4.0.9\libtiff\tif_zip.c">
      <Filter>image_format_lib\tiff</Filter>
    </ClCompile>
    <ClCompile Include="..\external_compile_libraries\libtiff-4.0.9\libtiff\tif_aux.c">
      <Filter>image_format_lib\tiff</Filter>
    </ClCompile>
    <ClCompile Include="..\external_compile_libraries\libtiff-4.0.9\libtiff\tif_close.c">
      <Filter>image_format_lib\tiff</Filter>
    </ClCompile>
    <ClCompile Include="..\external_compile_libraries\libtiff-4.0.9\libtiff\tif_codec.c">
      <Filter>image_format_lib\tiff</Filter>
    </ClCompile>
    <ClCompile Include="..\external_compile_libraries\libtiff-4.0.9\libtiff\tif_color.c">
      <Filter>image_format_lib\tiff</Filter>
    </ClCompile>
    <ClCompile Include="..\external_compile_libraries\libtiff-4.0.9\libtiff\tif_compress.c">
      <Filter>image_format_lib\tiff</Filter>
    </ClCompile>
    <ClCompile Include="..\external_compile_libraries\libtiff-4.0.9\libtiff\tif_dir.c">
      <Filter>image_format_lib\tiff</Filter>
    </ClCompile>
    <ClCompile Include="..\external_compile_libraries\libtiff-4.0.9\libtiff\tif_dirinfo.c">
      <Filter>image_format_lib\tiff</Filter>
    </ClCompile>
    <ClCompile Include="..\external_compile_libraries\libtiff-4.0.9\libtiff\tif_dirread.c">
      <Filter>image_format_lib\tiff</Filter>
    </ClCompile>
    <ClCompile Include="..\external_compile_libraries\libtiff-4.0.9\libtiff\tif_dirwrite.c">
      <Filter>image_format_lib\tiff</Filter>
    </ClCompile>
    <ClCompile Include="..\external_compile_libraries\libtiff-4.0.9\libtiff\tif_dumpmode.c">
      <Filter>image_format_lib\tiff</Filter>
    </ClCompile>
    <ClCompile Include="..\external_compile_libraries\libtiff-4.0.9\libtiff\tif_error.c">
      <Filter>image_format_lib\tiff</Filter>
    </ClCompile>
    <ClCompile Include="..\external_compile_libraries\libtiff-4.0.9\libtiff\tif_extension.c">
      <Filter>image_format_lib\tiff</Filter>
    </ClCompile>
    <ClCompile Include="..\external_compile_libraries\libtiff-4.0.9\libtiff\tif_fax3.c">
      <Filter>image_format_lib\tiff</Filter>
    </ClCompile>
    <ClCompile Include="..\external_compile_libraries\libtiff-4.0.9\libtiff\tif_fax3sm.c">
      <Filter>image_format_lib\tiff</Filter>
    </ClCompile>
    <ClCompile Include="..\external_compile_libraries\libtiff-4.0.9\libtiff\tif_flush.c">
      <Filter>image_format_lib\tiff</Filter>
    </ClCompile>
    <ClCompile Include="..\external_compile_libraries\libtiff-4.0.9\libtiff\tif_getimage.c">
      <Filter>image_format_lib\tiff</Filter>
    </ClCompile>
    <ClCompile Include="..\external_compile_libraries\libtiff-4.0.9\libtiff\tif_jbig.c">
      <Filter>image_format_lib\tiff</Filter>
    </ClCompile>
    <ClCompile Include="..\external_compile_libraries\libtiff-4.0.9\libtiff\tif_jpeg.c">
      <Filter>image_format_lib\tiff</Filter>
    </ClCompile>
    <ClCompile Include="..\external_compile_libraries\libtiff-4.0.9\libtiff\tif_jpeg_12.c">
      <Filter>image_format_lib\tiff</Filter>
    </ClCompile>
    <ClCompile Include="..\external_compile_libraries\libtiff-4.0.9\libtiff\tif_luv.c">
      <Filter>image_format_lib\tiff</Filter>
    </ClCompile>
    <ClCompile Include="..\external_compile_libraries\libtiff-4.0.9\libtiff\tif_lzma.c">
      <Filter>image_format_lib\tiff</Filter>
    </ClCompile>
    <ClCompile Include="..\external_compile_libraries\libtiff-4.0.9\libtiff\tif_lzw.c">
      <Filter>image_format_lib\tiff</Filter>
    </ClCompile>
    <ClCompile Include="..\external_compile_libraries\libtiff-4.0.9\libtiff\tif_next.c">
      <Filter>image_format_lib\tiff</Filter>
    </ClCompile>
    <ClCompile Include="..\external_compile_libraries\libtiff-4.0.9\libtiff\tif_ojpeg.c">
      <Filter>image_format_lib\tiff</Filter>
    </ClCompile>
    <ClCompile Include="..\external_compile_libraries\libtiff-4.0.9\libtiff\tif_open.c">
      <Filter>image_format_lib\tiff</Filter>
    </ClCompile>
    <ClCompile Include="..\external_compile_libraries\libtiff-4.0.9\libtiff\tif_packbits.c">
      <Filter>image_format_lib\tiff</Filter>
    </ClCompile>
    <ClCompile Include="..\external_compile_libraries\libtiff-4.0.9\libtiff\tif_pixarlog.c">
      <Filter>image_format_lib\tiff</Filter>
    </ClCompile>
    <ClCompile Include="..\ns_image_server\data_annotation\ns_death_time_annotation.cpp">
      <Filter>data_annotation</Filter>
    </ClCompile>
  </ItemGroup>
  <ItemGroup>
    <None Include="server_icon.ico">
      <Filter>Resource Files</Filter>
    </None>
    <None Include="server_notify_icon.ico">
      <Filter>Resource Files</Filter>
    </None>
    <None Include="worm_icon.ico">
      <Filter>Resource Files</Filter>
    </None>
    <None Include="..\external_libraries\wm4_bspline\Wm4BandedMatrix.inl">
      <Filter>misc_lib\wm4_bspline</Filter>
    </None>
    <None Include="..\external_libraries\wm4_bspline\Wm4Math.inl">
      <Filter>misc_lib\wm4_bspline</Filter>
    </None>
    <None Include="..\external_libraries\wm4_bspline\Wm4Memory.inl">
      <Filter>misc_lib\wm4_bspline</Filter>
    </None>
    <None Include="..\external_libraries\wm4_bspline\Wm4System.inl">
      <Filter>misc_lib\wm4_bspline</Filter>
    </None>
    <None Include="..\external_libraries\wm4_bspline\Wm4THashSet.inl">
      <Filter>misc_lib\wm4_bspline</Filter>
    </None>
    <None Include="..\external_libraries\wm4_bspline\Wm4THashTable.inl">
      <Filter>misc_lib\wm4_bspline</Filter>
    </None>
    <None Include="..\external_libraries\wm4_bspline\Wm4TMinHeap.inl">
      <Filter>misc_lib\wm4_bspline</Filter>
    </None>
    <None Include="..\external_libraries\wm4_bspline\Wm4TSmallUnorderedSet.inl">
      <Filter>misc_lib\wm4_bspline</Filter>
    </None>
    <None Include="..\external_libraries\wm4_bspline\Wm4TStringHashTable.inl">
      <Filter>misc_lib\wm4_bspline</Filter>
    </None>
    <None Include="..\external_libraries\wm4_bspline\Wm4TTuple.inl">
      <Filter>misc_lib\wm4_bspline</Filter>
    </None>
    <None Include="..\external_libraries\wm4_bspline\Wm4Vector2.inl">
      <Filter>misc_lib\wm4_bspline</Filter>
    </None>
  </ItemGroup>
  <ItemGroup>
    <ResourceCompile Include="ns_image_server.rc">
      <Filter>Resource Files</Filter>
    </ResourceCompile>
  </ItemGroup>
</Project>